// !$*UTF8*$!
{
	archiveVersion = 1;
	classes = {
	};
	objectVersion = 48;
	objects = {

/* Begin PBXBuildFile section */
		3B3180391F4C8E8B00CDC179 /* AppDelegate.swift in Sources */ = {isa = PBXBuildFile; fileRef = 3B3180381F4C8E8B00CDC179 /* AppDelegate.swift */; };
		3B31803B1F4C8E8B00CDC179 /* myMasterVC.swift in Sources */ = {isa = PBXBuildFile; fileRef = 3B31803A1F4C8E8B00CDC179 /* myMasterVC.swift */; };
		3B31803E1F4C8E8B00CDC179 /* Main.storyboard in Resources */ = {isa = PBXBuildFile; fileRef = 3B31803C1F4C8E8B00CDC179 /* Main.storyboard */; };
		3B3180401F4C8E8B00CDC179 /* Assets.xcassets in Resources */ = {isa = PBXBuildFile; fileRef = 3B31803F1F4C8E8B00CDC179 /* Assets.xcassets */; };
		3B3180431F4C8E8B00CDC179 /* LaunchScreen.storyboard in Resources */ = {isa = PBXBuildFile; fileRef = 3B3180411F4C8E8B00CDC179 /* LaunchScreen.storyboard */; };
		3BCEBB0F1F4CC97900255B29 /* myDetailVC.swift in Sources */ = {isa = PBXBuildFile; fileRef = 3BCEBB0E1F4CC97900255B29 /* myDetailVC.swift */; };
/* End PBXBuildFile section */

/* Begin PBXFileReference section */
		3B3180351F4C8E8B00CDC179 /* mySeventhSplitVC.app */ = {isa = PBXFileReference; explicitFileType = wrapper.application; includeInIndex = 0; path = mySeventhSplitVC.app; sourceTree = BUILT_PRODUCTS_DIR; };
		3B3180381F4C8E8B00CDC179 /* AppDelegate.swift */ = {isa = PBXFileReference; lastKnownFileType = sourcecode.swift; path = AppDelegate.swift; sourceTree = "<group>"; };
		3B31803A1F4C8E8B00CDC179 /* myMasterVC.swift */ = {isa = PBXFileReference; lastKnownFileType = sourcecode.swift; path = myMasterVC.swift; sourceTree = "<group>"; };
		3B31803D1F4C8E8B00CDC179 /* Base */ = {isa = PBXFileReference; lastKnownFileType = file.storyboard; name = Base; path = Base.lproj/Main.storyboard; sourceTree = "<group>"; };
		3B31803F1F4C8E8B00CDC179 /* Assets.xcassets */ = {isa = PBXFileReference; lastKnownFileType = folder.assetcatalog; path = Assets.xcassets; sourceTree = "<group>"; };
		3B3180421F4C8E8B00CDC179 /* Base */ = {isa = PBXFileReference; lastKnownFileType = file.storyboard; name = Base; path = Base.lproj/LaunchScreen.storyboard; sourceTree = "<group>"; };
		3B3180441F4C8E8B00CDC179 /* Info.plist */ = {isa = PBXFileReference; lastKnownFileType = text.plist.xml; path = Info.plist; sourceTree = "<group>"; };
		3BCEBB0E1F4CC97900255B29 /* myDetailVC.swift */ = {isa = PBXFileReference; lastKnownFileType = sourcecode.swift; path = myDetailVC.swift; sourceTree = "<group>"; };
/* End PBXFileReference section */

/* Begin PBXFrameworksBuildPhase section */
		3B3180321F4C8E8B00CDC179 /* Frameworks */ = {
			isa = PBXFrameworksBuildPhase;
			buildActionMask = 2147483647;
			files = (
			);
			runOnlyForDeploymentPostprocessing = 0;
		};
/* End PBXFrameworksBuildPhase section */

/* Begin PBXGroup section */
		3B31802C1F4C8E8B00CDC179 = {
			isa = PBXGroup;
			children = (
				3B3180371F4C8E8B00CDC179 /* mySeventhSplitVC */,
				3B3180361F4C8E8B00CDC179 /* Products */,
			);
			sourceTree = "<group>";
		};
		3B3180361F4C8E8B00CDC179 /* Products */ = {
			isa = PBXGroup;
			children = (
				3B3180351F4C8E8B00CDC179 /* mySeventhSplitVC.app */,
			);
			name = Products;
			sourceTree = "<group>";
		};
		3B3180371F4C8E8B00CDC179 /* mySeventhSplitVC */ = {
			isa = PBXGroup;
			children = (
				3B3180381F4C8E8B00CDC179 /* AppDelegate.swift */,
				3B31803A1F4C8E8B00CDC179 /* myMasterVC.swift */,
				3B31803C1F4C8E8B00CDC179 /* Main.storyboard */,
				3BCEBB0E1F4CC97900255B29 /* myDetailVC.swift */,
				3B31803F1F4C8E8B00CDC179 /* Assets.xcassets */,
				3B3180411F4C8E8B00CDC179 /* LaunchScreen.storyboard */,
				3B3180441F4C8E8B00CDC179 /* Info.plist */,
			);
			path = mySeventhSplitVC;
			sourceTree = "<group>";
		};
/* End PBXGroup section */

/* Begin PBXNativeTarget section */
		3B3180341F4C8E8B00CDC179 /* mySeventhSplitVC */ = {
			isa = PBXNativeTarget;
			buildConfigurationList = 3B3180471F4C8E8B00CDC179 /* Build configuration list for PBXNativeTarget "mySeventhSplitVC" */;
			buildPhases = (
				3B3180311F4C8E8B00CDC179 /* Sources */,
				3B3180321F4C8E8B00CDC179 /* Frameworks */,
				3B3180331F4C8E8B00CDC179 /* Resources */,
			);
			buildRules = (
			);
			dependencies = (
			);
			name = mySeventhSplitVC;
			productName = mySeventhSplitVC;
			productReference = 3B3180351F4C8E8B00CDC179 /* mySeventhSplitVC.app */;
			productType = "com.apple.product-type.application";
		};
/* End PBXNativeTarget section */

/* Begin PBXProject section */
		3B31802D1F4C8E8B00CDC179 /* Project object */ = {
			isa = PBXProject;
			attributes = {
				LastSwiftUpdateCheck = 0900;
				LastUpgradeCheck = 0900;
				ORGANIZATIONNAME = "Joachim Vetter";
				TargetAttributes = {
					3B3180341F4C8E8B00CDC179 = {
						CreatedOnToolsVersion = 9.0;
						ProvisioningStyle = Automatic;
					};
				};
			};
			buildConfigurationList = 3B3180301F4C8E8B00CDC179 /* Build configuration list for PBXProject "mySeventhSplitVC" */;
			compatibilityVersion = "Xcode 8.0";
			developmentRegion = en;
			hasScannedForEncodings = 0;
			knownRegions = (
				en,
				Base,
			);
			mainGroup = 3B31802C1F4C8E8B00CDC179;
			productRefGroup = 3B3180361F4C8E8B00CDC179 /* Products */;
			projectDirPath = "";
			projectRoot = "";
			targets = (
				3B3180341F4C8E8B00CDC179 /* mySeventhSplitVC */,
			);
		};
/* End PBXProject section */

/* Begin PBXResourcesBuildPhase section */
		3B3180331F4C8E8B00CDC179 /* Resources */ = {
			isa = PBXResourcesBuildPhase;
			buildActionMask = 2147483647;
			files = (
				3B3180431F4C8E8B00CDC179 /* LaunchScreen.storyboard in Resources */,
				3B3180401F4C8E8B00CDC179 /* Assets.xcassets in Resources */,
				3B31803E1F4C8E8B00CDC179 /* Main.storyboard in Resources */,
			);
			runOnlyForDeploymentPostprocessing = 0;
		};
/* End PBXResourcesBuildPhase section */

/* Begin PBXSourcesBuildPhase section */
		3B3180311F4C8E8B00CDC179 /* Sources */ = {
			isa = PBXSourcesBuildPhase;
			buildActionMask = 2147483647;
			files = (
				3BCEBB0F1F4CC97900255B29 /* myDetailVC.swift in Sources */,
				3B31803B1F4C8E8B00CDC179 /* myMasterVC.swift in Sources */,
				3B3180391F4C8E8B00CDC179 /* AppDelegate.swift in Sources */,
			);
			runOnlyForDeploymentPostprocessing = 0;
		};
/* End PBXSourcesBuildPhase section */

/* Begin PBXVariantGroup section */
		3B31803C1F4C8E8B00CDC179 /* Main.storyboard */ = {
			isa = PBXVariantGroup;
			children = (
				3B31803D1F4C8E8B00CDC179 /* Base */,
			);
			name = Main.storyboard;
			sourceTree = "<group>";
		};
		3B3180411F4C8E8B00CDC179 /* LaunchScreen.storyboard */ = {
			isa = PBXVariantGroup;
			children = (
				3B3180421F4C8E8B00CDC179 /* Base */,
			);
			name = LaunchScreen.storyboard;
			sourceTree = "<group>";
		};
/* End PBXVariantGroup section */

/* Begin XCBuildConfiguration section */
		3B3180451F4C8E8B00CDC179 /* Debug */ = {
			isa = XCBuildConfiguration;
			buildSettings = {
				ALWAYS_SEARCH_USER_PATHS = NO;
				CLANG_ANALYZER_NONNULL = YES;
				CLANG_ANALYZER_NUMBER_OBJECT_CONVERSION = YES_AGGRESSIVE;
				CLANG_CXX_LANGUAGE_STANDARD = "gnu++14";
				CLANG_CXX_LIBRARY = "libc++";
				CLANG_ENABLE_MODULES = YES;
				CLANG_ENABLE_OBJC_ARC = YES;
				CLANG_WARN_BLOCK_CAPTURE_AUTORELEASING = YES;
				CLANG_WARN_BOOL_CONVERSION = YES;
				CLANG_WARN_COMMA = YES;
				CLANG_WARN_CONSTANT_CONVERSION = YES;
				CLANG_WARN_DIRECT_OBJC_ISA_USAGE = YES_ERROR;
				CLANG_WARN_DOCUMENTATION_COMMENTS = YES;
				CLANG_WARN_EMPTY_BODY = YES;
				CLANG_WARN_ENUM_CONVERSION = YES;
				CLANG_WARN_INFINITE_RECURSION = YES;
				CLANG_WARN_INT_CONVERSION = YES;
				CLANG_WARN_NON_LITERAL_NULL_CONVERSION = YES;
				CLANG_WARN_OBJC_LITERAL_CONVERSION = YES;
				CLANG_WARN_OBJC_ROOT_CLASS = YES_ERROR;
				CLANG_WARN_RANGE_LOOP_ANALYSIS = YES;
				CLANG_WARN_STRICT_PROTOTYPES = YES;
				CLANG_WARN_SUSPICIOUS_MOVE = YES;
				CLANG_WARN_UNGUARDED_AVAILABILITY = YES_AGGRESSIVE;
				CLANG_WARN_UNREACHABLE_CODE = YES;
				CLANG_WARN__DUPLICATE_METHOD_MATCH = YES;
				CODE_SIGN_IDENTITY = "iPhone Developer";
				COPY_PHASE_STRIP = NO;
				DEBUG_INFORMATION_FORMAT = dwarf;
				ENABLE_STRICT_OBJC_MSGSEND = YES;
				ENABLE_TESTABILITY = YES;
				GCC_C_LANGUAGE_STANDARD = gnu11;
				GCC_DYNAMIC_NO_PIC = NO;
				GCC_NO_COMMON_BLOCKS = YES;
				GCC_OPTIMIZATION_LEVEL = 0;
				GCC_PREPROCESSOR_DEFINITIONS = (
					"DEBUG=1",
					"$(inherited)",
				);
				GCC_WARN_64_TO_32_BIT_CONVERSION = YES;
				GCC_WARN_ABOUT_RETURN_TYPE = YES_ERROR;
				GCC_WARN_UNDECLARED_SELECTOR = YES;
				GCC_WARN_UNINITIALIZED_AUTOS = YES_AGGRESSIVE;
				GCC_WARN_UNUSED_FUNCTION = YES;
				GCC_WARN_UNUSED_VARIABLE = YES;
				IPHONEOS_DEPLOYMENT_TARGET = 11.0;
				MTL_ENABLE_DEBUG_INFO = YES;
				ONLY_ACTIVE_ARCH = YES;
				SDKROOT = iphoneos;
				SWIFT_ACTIVE_COMPILATION_CONDITIONS = DEBUG;
				SWIFT_OPTIMIZATION_LEVEL = "-Onone";
			};
			name = Debug;
		};
		3B3180461F4C8E8B00CDC179 /* Release */ = {
			isa = XCBuildConfiguration;
			buildSettings = {
				ALWAYS_SEARCH_USER_PATHS = NO;
				CLANG_ANALYZER_NONNULL = YES;
				CLANG_ANALYZER_NUMBER_OBJECT_CONVERSION = YES_AGGRESSIVE;
				CLANG_CXX_LANGUAGE_STANDARD = "gnu++14";
				CLANG_CXX_LIBRARY = "libc++";
				CLANG_ENABLE_MODULES = YES;
				CLANG_ENABLE_OBJC_ARC = YES;
				CLANG_WARN_BLOCK_CAPTURE_AUTORELEASING = YES;
				CLANG_WARN_BOOL_CONVERSION = YES;
				CLANG_WARN_COMMA = YES;
				CLANG_WARN_CONSTANT_CONVERSION = YES;
				CLANG_WARN_DIRECT_OBJC_ISA_USAGE = YES_ERROR;
				CLANG_WARN_DOCUMENTATION_COMMENTS = YES;
				CLANG_WARN_EMPTY_BODY = YES;
				CLANG_WARN_ENUM_CONVERSION = YES;
				CLANG_WARN_INFINITE_RECURSION = YES;
				CLANG_WARN_INT_CONVERSION = YES;
				CLANG_WARN_NON_LITERAL_NULL_CONVERSION = YES;
				CLANG_WARN_OBJC_LITERAL_CONVERSION = YES;
				CLANG_WARN_OBJC_ROOT_CLASS = YES_ERROR;
				CLANG_WARN_RANGE_LOOP_ANALYSIS = YES;
				CLANG_WARN_STRICT_PROTOTYPES = YES;
				CLANG_WARN_SUSPICIOUS_MOVE = YES;
				CLANG_WARN_UNGUARDED_AVAILABILITY = YES_AGGRESSIVE;
				CLANG_WARN_UNREACHABLE_CODE = YES;
				CLANG_WARN__DUPLICATE_METHOD_MATCH = YES;
				CODE_SIGN_IDENTITY = "iPhone Developer";
				COPY_PHASE_STRIP = NO;
				DEBUG_INFORMATION_FORMAT = "dwarf-with-dsym";
				ENABLE_NS_ASSERTIONS = NO;
				ENABLE_STRICT_OBJC_MSGSEND = YES;
				GCC_C_LANGUAGE_STANDARD = gnu11;
				GCC_NO_COMMON_BLOCKS = YES;
				GCC_WARN_64_TO_32_BIT_CONVERSION = YES;
				GCC_WARN_ABOUT_RETURN_TYPE = YES_ERROR;
				GCC_WARN_UNDECLARED_SELECTOR = YES;
				GCC_WARN_UNINITIALIZED_AUTOS = YES_AGGRESSIVE;
				GCC_WARN_UNUSED_FUNCTION = YES;
				GCC_WARN_UNUSED_VARIABLE = YES;
				IPHONEOS_DEPLOYMENT_TARGET = 11.0;
				MTL_ENABLE_DEBUG_INFO = NO;
				SDKROOT = iphoneos;
				SWIFT_OPTIMIZATION_LEVEL = "-Owholemodule";
				VALIDATE_PRODUCT = YES;
			};
			name = Release;
		};
		3B3180481F4C8E8B00CDC179 /* Debug */ = {
			isa = XCBuildConfiguration;
			buildSettings = {
				ASSETCATALOG_COMPILER_APPICON_NAME = AppIcon;
				CODE_SIGN_STYLE = Automatic;
				DEVELOPMENT_TEAM = VP93YUY9BE;
				INFOPLIST_FILE = mySeventhSplitVC/Info.plist;
				LD_RUNPATH_SEARCH_PATHS = "$(inherited) @executable_path/Frameworks";
				PRODUCT_BUNDLE_IDENTIFIER = com.myswift4.mySeventhSplitVC;
				PRODUCT_NAME = "$(TARGET_NAME)";
				SWIFT_VERSION = 4.0;
				TARGETED_DEVICE_FAMILY = "1,2";
			};
			name = Debug;
		};
		3B3180491F4C8E8B00CDC179 /* Release */ = {
			isa = XCBuildConfiguration;
			buildSettings = {
				ASSETCATALOG_COMPILER_APPICON_NAME = AppIcon;
				CODE_SIGN_STYLE = Automatic;
				DEVELOPMENT_TEAM = VP93YUY9BE;
				INFOPLIST_FILE = mySeventhSplitVC/Info.plist;
				LD_RUNPATH_SEARCH_PATHS = "$(inherited) @executable_path/Frameworks";
				PRODUCT_BUNDLE_IDENTIFIER = com.myswift4.mySeventhSplitVC;
				PRODUCT_NAME = "$(TARGET_NAME)";
				SWIFT_VERSION = 4.0;
				TARGETED_DEVICE_FAMILY = "1,2";
			};
			name = Release;
		};
/* End XCBuildConfiguration section */

/* Begin XCConfigurationList section */
		3B3180301F4C8E8B00CDC179 /* Build configuration list for PBXProject "mySeventhSplitVC" */ = {
			isa = XCConfigurationList;
			buildConfigurations = (
				3B3180451F4C8E8B00CDC179 /* Debug */,
				3B3180461F4C8E8B00CDC179 /* Release */,
			);
			defaultConfigurationIsVisible = 0;
			defaultConfigurationName = Release;
		};
		3B3180471F4C8E8B00CDC179 /* Build configuration list for PBXNativeTarget "mySeventhSplitVC" */ = {
			isa = XCConfigurationList;
			buildConfigurations = (
				3B3180481F4C8E8B00CDC179 /* Debug */,
				3B3180491F4C8E8B00CDC179 /* Release */,
			);
			defaultConfigurationIsVisible = 0;
			defaultConfigurationName = Release;
		};
/* End XCConfigurationList section */
	};
	rootObject = 3B31802D1F4C8E8B00CDC179 /* Project object */;
}
